
Microsoft Visual Studio Solution File, Format Version 12.00
# Visual Studio Version 17
VisualStudioVersion = 17.5.002.0
MinimumVisualStudioVersion = 10.0.40219.1
Project("{9A19103F-16F7-4668-BE54-9A1E7A4F7556}") = "Loops, conditionals, klasser, objekter og MVC", "Loops, conditionals, klasser, objekter og MVC.csproj", "{41C7DDAF-1BD1-4F6D-AE78-C4C54D11CBBB}"
EndProject
Global
	GlobalSection(SolutionConfigurationPlatforms) = preSolution
		Debug|Any CPU = Debug|Any CPU
		Release|Any CPU = Release|Any CPU
	EndGlobalSection
	GlobalSection(ProjectConfigurationPlatforms) = postSolution
		{41C7DDAF-1BD1-4F6D-AE78-C4C54D11CBBB}.Debug|Any CPU.ActiveCfg = Debug|Any CPU
		{41C7DDAF-1BD1-4F6D-AE78-C4C54D11CBBB}.Debug|Any CPU.Build.0 = Debug|Any CPU
		{41C7DDAF-1BD1-4F6D-AE78-C4C54D11CBBB}.Release|Any CPU.ActiveCfg = Release|Any CPU
		{41C7DDAF-1BD1-4F6D-AE78-C4C54D11CBBB}.Release|Any CPU.Build.0 = Release|Any CPU
	EndGlobalSection
	GlobalSection(SolutionProperties) = preSolution
		HideSolutionNode = FALSE
	EndGlobalSection
	GlobalSection(ExtensibilityGlobals) = postSolution
		SolutionGuid = {D00D901E-8AC1-4D70-A66E-ADDDB4A45C3B}
	EndGlobalSection
EndGlobal
